
Microsoft Visual Studio Solution File, Format Version 12.00
# Visual Studio 15
VisualStudioVersion = 15.0.27004.2008
MinimumVisualStudioVersion = 10.0.40219.1
Project("{FAE04EC0-301F-11D3-BF4B-00C04F79EFBC}") = "GUI", "ProjectAS\GUI.csproj", "{D9C6DA38-94D2-4362-960D-16D196B0A914}"
EndProject
Project("{FAE04EC0-301F-11D3-BF4B-00C04F79EFBC}") = "DAO", "DAO\DAO.csproj", "{96F2AFF1-462E-48E1-BF2A-CA301E0090F9}"
EndProject
Project("{FAE04EC0-301F-11D3-BF4B-00C04F79EFBC}") = "DTO", "DTO\DTO.csproj", "{F06566AD-4B0A-4FCA-AC09-F024F6204E05}"
EndProject
Project("{FAE04EC0-301F-11D3-BF4B-00C04F79EFBC}") = "BUS", "BUS\BUS.csproj", "{6CDC6703-5EFB-46F7-843E-31290FE26ABC}"
EndProject
Global
	GlobalSection(SolutionConfigurationPlatforms) = preSolution
		Debug|Any CPU = Debug|Any CPU
		Release|Any CPU = Release|Any CPU
	EndGlobalSection
	GlobalSection(ProjectConfigurationPlatforms) = postSolution
		{D9C6DA38-94D2-4362-960D-16D196B0A914}.Debug|Any CPU.ActiveCfg = Debug|Any CPU
		{D9C6DA38-94D2-4362-960D-16D196B0A914}.Debug|Any CPU.Build.0 = Debug|Any CPU
		{D9C6DA38-94D2-4362-960D-16D196B0A914}.Release|Any CPU.ActiveCfg = Release|Any CPU
		{D9C6DA38-94D2-4362-960D-16D196B0A914}.Release|Any CPU.Build.0 = Release|Any CPU
		{96F2AFF1-462E-48E1-BF2A-CA301E0090F9}.Debug|Any CPU.ActiveCfg = Debug|Any CPU
		{96F2AFF1-462E-48E1-BF2A-CA301E0090F9}.Debug|Any CPU.Build.0 = Debug|Any CPU
		{96F2AFF1-462E-48E1-BF2A-CA301E0090F9}.Release|Any CPU.ActiveCfg = Release|Any CPU
		{96F2AFF1-462E-48E1-BF2A-CA301E0090F9}.Release|Any CPU.Build.0 = Release|Any CPU
		{F06566AD-4B0A-4FCA-AC09-F024F6204E05}.Debug|Any CPU.ActiveCfg = Debug|Any CPU
		{F06566AD-4B0A-4FCA-AC09-F024F6204E05}.Debug|Any CPU.Build.0 = Debug|Any CPU
		{F06566AD-4B0A-4FCA-AC09-F024F6204E05}.Release|Any CPU.ActiveCfg = Release|Any CPU
		{F06566AD-4B0A-4FCA-AC09-F024F6204E05}.Release|Any CPU.Build.0 = Release|Any CPU
		{6CDC6703-5EFB-46F7-843E-31290FE26ABC}.Debug|Any CPU.ActiveCfg = Debug|Any CPU
		{6CDC6703-5EFB-46F7-843E-31290FE26ABC}.Debug|Any CPU.Build.0 = Debug|Any CPU
		{6CDC6703-5EFB-46F7-843E-31290FE26ABC}.Release|Any CPU.ActiveCfg = Release|Any CPU
		{6CDC6703-5EFB-46F7-843E-31290FE26ABC}.Release|Any CPU.Build.0 = Release|Any CPU
	EndGlobalSection
	GlobalSection(SolutionProperties) = preSolution
		HideSolutionNode = FALSE
	EndGlobalSection
	GlobalSection(ExtensibilityGlobals) = postSolution
		SolutionGuid = {33A9D5C0-1A45-4F36-BF61-FA9EF7A96E8C}
	EndGlobalSection
EndGlobal
